lockfileVersion: '6.0'

settings:
  autoInstallPeers: true
  excludeLinksFromLockfile: false

dependencies:
  '@element-plus/icons-vue':
    specifier: ^2.3.1
    version: 2.3.1(vue@3.4.21)
  element-plus:
    specifier: ^2.6.3
    version: 2.6.3(vue@3.4.21)
  file-saver:
    specifier: ^2.0.5
    version: 2.0.5
  jszip:
    specifier: ^3.10.1
    version: 3.10.1
  less:
    specifier: ^4.2.0
    version: 4.2.0
  vue:
    specifier: ^3.4.21
    version: 3.4.21

devDependencies:
  '@vitejs/plugin-vue':
    specifier: ^5.0.4
    version: 5.0.4(vite@5.2.7)(vue@3.4.21)
  unplugin-auto-import:
    specifier: ^0.17.5
    version: 0.17.5
  unplugin-vue-components:
    specifier: ^0.26.0
    version: 0.26.0(vue@3.4.21)
  vite:
    specifier: ^5.2.0
    version: 5.2.7(less@4.2.0)

packages:

  /@antfu/utils@0.7.7:
    resolution: {integrity: sha512-gFPqTG7otEJ8uP6wrhDv6mqwGWYZKNvAcCq6u9hOj0c+IKCEsY4L1oC9trPq2SaWIzAfHvqfBDxF591JkMf+kg==}
    dev: true

  /@babel/helper-string-parser@7.24.1:
    resolution: {integrity: sha512-2ofRCjnnA9y+wk8b9IAREroeUP02KHp431N2mhKniy2yKIDKpbrHv9eXwm8cBeWQYcJmzv5qKCu65P47eCF7CQ==}
    engines: {node: '>=6.9.0'}

  /@babel/helper-validator-identifier@7.22.20:
    resolution: {integrity: sha512-Y4OZ+ytlatR8AI+8KZfKuL5urKp7qey08ha31L8b3BwewJAoJamTzyvxPR/5D+KkdJCGPq/+8TukHBlY10FX9A==}
    engines: {node: '>=6.9.0'}

  /@babel/parser@7.24.1:
    resolution: {integrity: sha512-Zo9c7N3xdOIQrNip7Lc9wvRPzlRtovHVE4lkz8WEDr7uYh/GMQhSiIgFxGIArRHYdJE5kxtZjAf8rT0xhdLCzg==}
    engines: {node: '>=6.0.0'}
    hasBin: true
    dependencies:
      '@babel/types': 7.24.0

  /@babel/types@7.24.0:
    resolution: {integrity: sha512-+j7a5c253RfKh8iABBhywc8NSfP5LURe7Uh4qpsh6jc+aLJguvmIUBdjSdEMQv2bENrCR5MfRdjGo7vzS/ob7w==}
    engines: {node: '>=6.9.0'}
    dependencies:
      '@babel/helper-string-parser': 7.24.1
      '@babel/helper-validator-identifier': 7.22.20
      to-fast-properties: 2.0.0

  /@ctrl/tinycolor@3.6.1:
    resolution: {integrity: sha512-SITSV6aIXsuVNV3f3O0f2n/cgyEDWoSqtZMYiAmcsYHydcKrOz3gUxB/iXd/Qf08+IZX4KpgNbvUdMBmWz+kcA==}
    engines: {node: '>=10'}
    dev: false

  /@element-plus/icons-vue@2.3.1(vue@3.4.21):
    resolution: {integrity: sha512-XxVUZv48RZAd87ucGS48jPf6pKu0yV5UCg9f4FFwtrYxXOwWuVJo6wOvSLKEoMQKjv8GsX/mhP6UsC1lRwbUWg==}
    peerDependencies:
      vue: ^3.2.0
    dependencies:
      vue: 3.4.21
    dev: false

  /@esbuild/aix-ppc64@0.20.2:
    resolution: {integrity: sha512-D+EBOJHXdNZcLJRBkhENNG8Wji2kgc9AZ9KiPr1JuZjsNtyHzrsfLRrY0tk2H2aoFu6RANO1y1iPPUCDYWkb5g==}
    engines: {node: '>=12'}
    cpu: [ppc64]
    os: [aix]
    requiresBuild: true
    dev: true
    optional: true

  /@esbuild/android-arm64@0.20.2:
    resolution: {integrity: sha512-mRzjLacRtl/tWU0SvD8lUEwb61yP9cqQo6noDZP/O8VkwafSYwZ4yWy24kan8jE/IMERpYncRt2dw438LP3Xmg==}
    engines: {node: '>=12'}
    cpu: [arm64]
    os: [android]
    requiresBuild: true
    dev: true
    optional: true

  /@esbuild/android-arm@0.20.2:
    resolution: {integrity: sha512-t98Ra6pw2VaDhqNWO2Oph2LXbz/EJcnLmKLGBJwEwXX/JAN83Fym1rU8l0JUWK6HkIbWONCSSatf4sf2NBRx/w==}
    engines: {node: '>=12'}
    cpu: [arm]
    os: [android]
    requiresBuild: true
    dev: true
    optional: true

  /@esbuild/android-x64@0.20.2:
    resolution: {integrity: sha512-btzExgV+/lMGDDa194CcUQm53ncxzeBrWJcncOBxuC6ndBkKxnHdFJn86mCIgTELsooUmwUm9FkhSp5HYu00Rg==}
    engines: {node: '>=12'}
    cpu: [x64]
    os: [android]
    requiresBuild: true
    dev: true
    optional: true

  /@esbuild/darwin-arm64@0.20.2:
    resolution: {integrity: sha512-4J6IRT+10J3aJH3l1yzEg9y3wkTDgDk7TSDFX+wKFiWjqWp/iCfLIYzGyasx9l0SAFPT1HwSCR+0w/h1ES/MjA==}
    engines: {node: '>=12'}
    cpu: [arm64]
    os: [darwin]
    requiresBuild: true
    dev: true
    optional: true

  /@esbuild/darwin-x64@0.20.2:
    resolution: {integrity: sha512-tBcXp9KNphnNH0dfhv8KYkZhjc+H3XBkF5DKtswJblV7KlT9EI2+jeA8DgBjp908WEuYll6pF+UStUCfEpdysA==}
    engines: {node: '>=12'}
    cpu: [x64]
    os: [darwin]
    requiresBuild: true
    dev: true
    optional: true

  /@esbuild/freebsd-arm64@0.20.2:
    resolution: {integrity: sha512-d3qI41G4SuLiCGCFGUrKsSeTXyWG6yem1KcGZVS+3FYlYhtNoNgYrWcvkOoaqMhwXSMrZRl69ArHsGJ9mYdbbw==}
    engines: {node: '>=12'}
    cpu: [arm64]
    os: [freebsd]
    requiresBuild: true
    dev: true
    optional: true

  /@esbuild/freebsd-x64@0.20.2:
    resolution: {integrity: sha512-d+DipyvHRuqEeM5zDivKV1KuXn9WeRX6vqSqIDgwIfPQtwMP4jaDsQsDncjTDDsExT4lR/91OLjRo8bmC1e+Cw==}
    engines: {node: '>=12'}
    cpu: [x64]
    os: [freebsd]
    requiresBuild: true
    dev: true
    optional: true

  /@esbuild/linux-arm64@0.20.2:
    resolution: {integrity: sha512-9pb6rBjGvTFNira2FLIWqDk/uaf42sSyLE8j1rnUpuzsODBq7FvpwHYZxQ/It/8b+QOS1RYfqgGFNLRI+qlq2A==}
    engines: {node: '>=12'}
    cpu: [arm64]
    os: [linux]
    requiresBuild: true
    dev: true
    optional: true

  /@esbuild/linux-arm@0.20.2:
    resolution: {integrity: sha512-VhLPeR8HTMPccbuWWcEUD1Az68TqaTYyj6nfE4QByZIQEQVWBB8vup8PpR7y1QHL3CpcF6xd5WVBU/+SBEvGTg==}
    engines: {node: '>=12'}
    cpu: [arm]
    os: [linux]
    requiresBuild: true
    dev: true
    optional: true

  /@esbuild/linux-ia32@0.20.2:
    resolution: {integrity: sha512-o10utieEkNPFDZFQm9CoP7Tvb33UutoJqg3qKf1PWVeeJhJw0Q347PxMvBgVVFgouYLGIhFYG0UGdBumROyiig==}
    engines: {node: '>=12'}
    cpu: [ia32]
    os: [linux]
    requiresBuild: true
    dev: true
    optional: true

  /@esbuild/linux-loong64@0.20.2:
    resolution: {integrity: sha512-PR7sp6R/UC4CFVomVINKJ80pMFlfDfMQMYynX7t1tNTeivQ6XdX5r2XovMmha/VjR1YN/HgHWsVcTRIMkymrgQ==}
    engines: {node: '>=12'}
    cpu: [loong64]
    os: [linux]
    requiresBuild: true
    dev: true
    optional: true

  /@esbuild/linux-mips64el@0.20.2:
    resolution: {integrity: sha512-4BlTqeutE/KnOiTG5Y6Sb/Hw6hsBOZapOVF6njAESHInhlQAghVVZL1ZpIctBOoTFbQyGW+LsVYZ8lSSB3wkjA==}
    engines: {node: '>=12'}
    cpu: [mips64el]
    os: [linux]
    requiresBuild: true
    dev: true
    optional: true

  /@esbuild/linux-ppc64@0.20.2:
    resolution: {integrity: sha512-rD3KsaDprDcfajSKdn25ooz5J5/fWBylaaXkuotBDGnMnDP1Uv5DLAN/45qfnf3JDYyJv/ytGHQaziHUdyzaAg==}
    engines: {node: '>=12'}
    cpu: [ppc64]
    os: [linux]
    requiresBuild: true
    dev: true
    optional: true

  /@esbuild/linux-riscv64@0.20.2:
    resolution: {integrity: sha512-snwmBKacKmwTMmhLlz/3aH1Q9T8v45bKYGE3j26TsaOVtjIag4wLfWSiZykXzXuE1kbCE+zJRmwp+ZbIHinnVg==}
    engines: {node: '>=12'}
    cpu: [riscv64]
    os: [linux]
    requiresBuild: true
    dev: true
    optional: true

  /@esbuild/linux-s390x@0.20.2:
    resolution: {integrity: sha512-wcWISOobRWNm3cezm5HOZcYz1sKoHLd8VL1dl309DiixxVFoFe/o8HnwuIwn6sXre88Nwj+VwZUvJf4AFxkyrQ==}
    engines: {node: '>=12'}
    cpu: [s390x]
    os: [linux]
    requiresBuild: true
    dev: true
    optional: true

  /@esbuild/linux-x64@0.20.2:
    resolution: {integrity: sha512-1MdwI6OOTsfQfek8sLwgyjOXAu+wKhLEoaOLTjbijk6E2WONYpH9ZU2mNtR+lZ2B4uwr+usqGuVfFT9tMtGvGw==}
    engines: {node: '>=12'}
    cpu: [x64]
    os: [linux]
    requiresBuild: true
    dev: true
    optional: true

  /@esbuild/netbsd-x64@0.20.2:
    resolution: {integrity: sha512-K8/DhBxcVQkzYc43yJXDSyjlFeHQJBiowJ0uVL6Tor3jGQfSGHNNJcWxNbOI8v5k82prYqzPuwkzHt3J1T1iZQ==}
    engines: {node: '>=12'}
    cpu: [x64]
    os: [netbsd]
    requiresBuild: true
    dev: true
    optional: true

  /@esbuild/openbsd-x64@0.20.2:
    resolution: {integrity: sha512-eMpKlV0SThJmmJgiVyN9jTPJ2VBPquf6Kt/nAoo6DgHAoN57K15ZghiHaMvqjCye/uU4X5u3YSMgVBI1h3vKrQ==}
    engines: {node: '>=12'}
    cpu: [x64]
    os: [openbsd]
    requiresBuild: true
    dev: true
    optional: true

  /@esbuild/sunos-x64@0.20.2:
    resolution: {integrity: sha512-2UyFtRC6cXLyejf/YEld4Hajo7UHILetzE1vsRcGL3earZEW77JxrFjH4Ez2qaTiEfMgAXxfAZCm1fvM/G/o8w==}
    engines: {node: '>=12'}
    cpu: [x64]
    os: [sunos]
    requiresBuild: true
    dev: true
    optional: true

  /@esbuild/win32-arm64@0.20.2:
    resolution: {integrity: sha512-GRibxoawM9ZCnDxnP3usoUDO9vUkpAxIIZ6GQI+IlVmr5kP3zUq+l17xELTHMWTWzjxa2guPNyrpq1GWmPvcGQ==}
    engines: {node: '>=12'}
    cpu: [arm64]
    os: [win32]
    requiresBuild: true
    dev: true
    optional: true

  /@esbuild/win32-ia32@0.20.2:
    resolution: {integrity: sha512-HfLOfn9YWmkSKRQqovpnITazdtquEW8/SoHW7pWpuEeguaZI4QnCRW6b+oZTztdBnZOS2hqJ6im/D5cPzBTTlQ==}
    engines: {node: '>=12'}
    cpu: [ia32]
    os: [win32]
    requiresBuild: true
    dev: true
    optional: true

  /@esbuild/win32-x64@0.20.2:
    resolution: {integrity: sha512-N49X4lJX27+l9jbLKSqZ6bKNjzQvHaT8IIFUy+YIqmXQdjYCToGWwOItDrfby14c78aDd5NHQl29xingXfCdLQ==}
    engines: {node: '>=12'}
    cpu: [x64]
    os: [win32]
    requiresBuild: true
    dev: true
    optional: true

  /@floating-ui/core@1.6.0:
    resolution: {integrity: sha512-PcF++MykgmTj3CIyOQbKA/hDzOAiqI3mhuoN44WRCopIs1sgoDoU4oty4Jtqaj/y3oDU6fnVSm4QG0a3t5i0+g==}
    dependencies:
      '@floating-ui/utils': 0.2.1
    dev: false

  /@floating-ui/dom@1.6.3:
    resolution: {integrity: sha512-RnDthu3mzPlQ31Ss/BTwQ1zjzIhr3lk1gZB1OC56h/1vEtaXkESrOqL5fQVMfXpwGtRwX+YsZBdyHtJMQnkArw==}
    dependencies:
      '@floating-ui/core': 1.6.0
      '@floating-ui/utils': 0.2.1
    dev: false

  /@floating-ui/utils@0.2.1:
    resolution: {integrity: sha512-9TANp6GPoMtYzQdt54kfAyMmz1+osLlXdg2ENroU7zzrtflTLrrC/lgrIfaSe+Wu0b89GKccT7vxXA0MoAIO+Q==}
    dev: false

  /@jridgewell/sourcemap-codec@1.4.15:
    resolution: {integrity: sha512-eF2rxCRulEKXHTRiDrDy6erMYWqNw4LPdQ8UQA4huuxaQsVeRPFl2oM8oDGxMFhJUWZf9McpLtJasDDZb/Bpeg==}

  /@nodelib/fs.scandir@2.1.5:
    resolution: {integrity: sha512-vq24Bq3ym5HEQm2NKCr3yXDwjc7vTsEThRDnkp2DK9p1uqLR+DHurm/NOTo0KG7HYHU7eppKZj3MyqYuMBf62g==}
    engines: {node: '>= 8'}
    dependencies:
      '@nodelib/fs.stat': 2.0.5
      run-parallel: 1.2.0
    dev: true

  /@nodelib/fs.stat@2.0.5:
    resolution: {integrity: sha512-RkhPPp2zrqDAQA/2jNhnztcPAlv64XdhIp7a7454A5ovI7Bukxgt7MX7udwAu3zg1DcpPU0rz3VV1SeaqvY4+A==}
    engines: {node: '>= 8'}
    dev: true

  /@nodelib/fs.walk@1.2.8:
    resolution: {integrity: sha512-oGB+UxlgWcgQkgwo8GcEGwemoTFt3FIO9ababBmaGwXIoBKZ+GTy0pP185beGg7Llih/NSHSV2XAs1lnznocSg==}
    engines: {node: '>= 8'}
    dependencies:
      '@nodelib/fs.scandir': 2.1.5
      fastq: 1.17.1
    dev: true

  /@rollup/pluginutils@5.1.0:
    resolution: {integrity: sha512-XTIWOPPcpvyKI6L1NHo0lFlCyznUEyPmPY1mc3KpPVDYulHSTvyeLNVW00QTLIAFNhR3kYnJTQHeGqU4M3n09g==}
    engines: {node: '>=14.0.0'}
    peerDependencies:
      rollup: ^1.20.0||^2.0.0||^3.0.0||^4.0.0
    peerDependenciesMeta:
      rollup:
        optional: true
    dependencies:
      '@types/estree': 1.0.5
      estree-walker: 2.0.2
      picomatch: 2.3.1
    dev: true

  /@rollup/rollup-android-arm-eabi@4.13.2:
    resolution: {integrity: sha512-3XFIDKWMFZrMnao1mJhnOT1h2g0169Os848NhhmGweEcfJ4rCi+3yMCOLG4zA61rbJdkcrM/DjVZm9Hg5p5w7g==}
    cpu: [arm]
    os: [android]
    requiresBuild: true
    dev: true
    optional: true

  /@rollup/rollup-android-arm64@4.13.2:
    resolution: {integrity: sha512-GdxxXbAuM7Y/YQM9/TwwP+L0omeE/lJAR1J+olu36c3LqqZEBdsIWeQ91KBe6nxwOnb06Xh7JS2U5ooWU5/LgQ==}
    cpu: [arm64]
    os: [android]
    requiresBuild: true
    dev: true
    optional: true

  /@rollup/rollup-darwin-arm64@4.13.2:
    resolution: {integrity: sha512-mCMlpzlBgOTdaFs83I4XRr8wNPveJiJX1RLfv4hggyIVhfB5mJfN4P8Z6yKh+oE4Luz+qq1P3kVdWrCKcMYrrA==}
    cpu: [arm64]
    os: [darwin]
    requiresBuild: true
    dev: true
    optional: true

  /@rollup/rollup-darwin-x64@4.13.2:
    resolution: {integrity: sha512-yUoEvnH0FBef/NbB1u6d3HNGyruAKnN74LrPAfDQL3O32e3k3OSfLrPgSJmgb3PJrBZWfPyt6m4ZhAFa2nZp2A==}
    cpu: [x64]
    os: [darwin]
    requiresBuild: true
    dev: true
    optional: true

  /@rollup/rollup-linux-arm-gnueabihf@4.13.2:
    resolution: {integrity: sha512-GYbLs5ErswU/Xs7aGXqzc3RrdEjKdmoCrgzhJWyFL0r5fL3qd1NPcDKDowDnmcoSiGJeU68/Vy+OMUluRxPiLQ==}
    cpu: [arm]
    os: [linux]
    requiresBuild: true
    dev: true
    optional: true

  /@rollup/rollup-linux-arm64-gnu@4.13.2:
    resolution: {integrity: sha512-L1+D8/wqGnKQIlh4Zre9i4R4b4noxzH5DDciyahX4oOz62CphY7WDWqJoQ66zNR4oScLNOqQJfNSIAe/6TPUmQ==}
    cpu: [arm64]
    os: [linux]
    requiresBuild: true
    dev: true
    optional: true

  /@rollup/rollup-linux-arm64-musl@4.13.2:
    resolution: {integrity: sha512-tK5eoKFkXdz6vjfkSTCupUzCo40xueTOiOO6PeEIadlNBkadH1wNOH8ILCPIl8by/Gmb5AGAeQOFeLev7iZDOA==}
    cpu: [arm64]
    os: [linux]
    requiresBuild: true
    dev: true
    optional: true

  /@rollup/rollup-linux-powerpc64le-gnu@4.13.2:
    resolution: {integrity: sha512-zvXvAUGGEYi6tYhcDmb9wlOckVbuD+7z3mzInCSTACJ4DQrdSLPNUeDIcAQW39M3q6PDquqLWu7pnO39uSMRzQ==}
    cpu: [ppc64le]
    os: [linux]
    requiresBuild: true
    dev: true
    optional: true

  /@rollup/rollup-linux-riscv64-gnu@4.13.2:
    resolution: {integrity: sha512-C3GSKvMtdudHCN5HdmAMSRYR2kkhgdOfye4w0xzyii7lebVr4riCgmM6lRiSCnJn2w1Xz7ZZzHKuLrjx5620kw==}
    cpu: [riscv64]
    os: [linux]
    requiresBuild: true
    dev: true
    optional: true

  /@rollup/rollup-linux-s390x-gnu@4.13.2:
    resolution: {integrity: sha512-l4U0KDFwzD36j7HdfJ5/TveEQ1fUTjFFQP5qIt9gBqBgu1G8/kCaq5Ok05kd5TG9F8Lltf3MoYsUMw3rNlJ0Yg==}
    cpu: [s390x]
    os: [linux]
    requiresBuild: true
    dev: true
    optional: true

  /@rollup/rollup-linux-x64-gnu@4.13.2:
    resolution: {integrity: sha512-xXMLUAMzrtsvh3cZ448vbXqlUa7ZL8z0MwHp63K2IIID2+DeP5iWIT6g1SN7hg1VxPzqx0xZdiDM9l4n9LRU1A==}
    cpu: [x64]
    os: [linux]
    requiresBuild: true
    dev: true
    optional: true

  /@rollup/rollup-linux-x64-musl@4.13.2:
    resolution: {integrity: sha512-M/JYAWickafUijWPai4ehrjzVPKRCyDb1SLuO+ZyPfoXgeCEAlgPkNXewFZx0zcnoIe3ay4UjXIMdXQXOZXWqA==}
    cpu: [x64]
    os: [linux]
    requiresBuild: true
    dev: true
    optional: true

  /@rollup/rollup-win32-arm64-msvc@4.13.2:
    resolution: {integrity: sha512-2YWwoVg9KRkIKaXSh0mz3NmfurpmYoBBTAXA9qt7VXk0Xy12PoOP40EFuau+ajgALbbhi4uTj3tSG3tVseCjuA==}
    cpu: [arm64]
    os: [win32]
    requiresBuild: true
    dev: true
    optional: true

  /@rollup/rollup-win32-ia32-msvc@4.13.2:
    resolution: {integrity: sha512-2FSsE9aQ6OWD20E498NYKEQLneShWes0NGMPQwxWOdws35qQXH+FplabOSP5zEe1pVjurSDOGEVCE2agFwSEsw==}
    cpu: [ia32]
    os: [win32]
    requiresBuild: true
    dev: true
    optional: true

  /@rollup/rollup-win32-x64-msvc@4.13.2:
    resolution: {integrity: sha512-7h7J2nokcdPePdKykd8wtc8QqqkqxIrUz7MHj6aNr8waBRU//NLDVnNjQnqQO6fqtjrtCdftpbTuOKAyrAQETQ==}
    cpu: [x64]
    os: [win32]
    requiresBuild: true
    dev: true
    optional: true

  /@sxzz/popperjs-es@2.11.7:
    resolution: {integrity: sha512-Ccy0NlLkzr0Ex2FKvh2X+OyERHXJ88XJ1MXtsI9y9fGexlaXaVTPzBCRBwIxFkORuOb+uBqeu+RqnpgYTEZRUQ==}
    dev: false

  /@types/estree@1.0.5:
    resolution: {integrity: sha512-/kYRxGDLWzHOB7q+wtSUQlFrtcdUccpfy+X+9iMBpHK8QLLhx2wIPYuS5DYtR9Wa/YlZAbIovy7qVdB1Aq6Lyw==}
    dev: true

  /@types/lodash-es@4.17.12:
    resolution: {integrity: sha512-0NgftHUcV4v34VhXm8QBSftKVXtbkBG3ViCjs6+eJ5a6y6Mi/jiFGPc1sC7QK+9BFhWrURE3EOggmWaSxL9OzQ==}
    dependencies:
      '@types/lodash': 4.17.0
    dev: false

  /@types/lodash@4.17.0:
    resolution: {integrity: sha512-t7dhREVv6dbNj0q17X12j7yDG4bD/DHYX7o5/DbDxobP0HnGPgpRz2Ej77aL7TZT3DSw13fqUTj8J4mMnqa7WA==}
    dev: false

  /@types/web-bluetooth@0.0.16:
    resolution: {integrity: sha512-oh8q2Zc32S6gd/j50GowEjKLoOVOwHP/bWVjKJInBwQqdOYMdPrf1oVlelTlyfFK3CKxL1uahMDAr+vy8T7yMQ==}
    dev: false

  /@vitejs/plugin-vue@5.0.4(vite@5.2.7)(vue@3.4.21):
    resolution: {integrity: sha512-WS3hevEszI6CEVEx28F8RjTX97k3KsrcY6kvTg7+Whm5y3oYvcqzVeGCU3hxSAn4uY2CLCkeokkGKpoctccilQ==}
    engines: {node: ^18.0.0 || >=20.0.0}
    peerDependencies:
      vite: ^5.0.0
      vue: ^3.2.25
    dependencies:
      vite: 5.2.7(less@4.2.0)
      vue: 3.4.21
    dev: true

  /@vue/compiler-core@3.4.21:
    resolution: {integrity: sha512-MjXawxZf2SbZszLPYxaFCjxfibYrzr3eYbKxwpLR9EQN+oaziSu3qKVbwBERj1IFIB8OLUewxB5m/BFzi613og==}
    dependencies:
      '@babel/parser': 7.24.1
      '@vue/shared': 3.4.21
      entities: 4.5.0
      estree-walker: 2.0.2
      source-map-js: 1.2.0

  /@vue/compiler-dom@3.4.21:
    resolution: {integrity: sha512-IZC6FKowtT1sl0CR5DpXSiEB5ayw75oT2bma1BEhV7RRR1+cfwLrxc2Z8Zq/RGFzJ8w5r9QtCOvTjQgdn0IKmA==}
    dependencies:
      '@vue/compiler-core': 3.4.21
      '@vue/shared': 3.4.21

  /@vue/compiler-sfc@3.4.21:
    resolution: {integrity: sha512-me7epoTxYlY+2CUM7hy9PCDdpMPfIwrOvAXud2Upk10g4YLv9UBW7kL798TvMeDhPthkZ0CONNrK2GoeI1ODiQ==}
    dependencies:
      '@babel/parser': 7.24.1
      '@vue/compiler-core': 3.4.21
      '@vue/compiler-dom': 3.4.21
      '@vue/compiler-ssr': 3.4.21
      '@vue/shared': 3.4.21
      estree-walker: 2.0.2
      magic-string: 0.30.8
      postcss: 8.4.38
      source-map-js: 1.2.0

  /@vue/compiler-ssr@3.4.21:
    resolution: {integrity: sha512-M5+9nI2lPpAsgXOGQobnIueVqc9sisBFexh5yMIMRAPYLa7+5wEJs8iqOZc1WAa9WQbx9GR2twgznU8LTIiZ4Q==}
    dependencies:
      '@vue/compiler-dom': 3.4.21
      '@vue/shared': 3.4.21

  /@vue/reactivity@3.4.21:
    resolution: {integrity: sha512-UhenImdc0L0/4ahGCyEzc/pZNwVgcglGy9HVzJ1Bq2Mm9qXOpP8RyNTjookw/gOCUlXSEtuZ2fUg5nrHcoqJcw==}
    dependencies:
      '@vue/shared': 3.4.21

  /@vue/runtime-core@3.4.21:
    resolution: {integrity: sha512-pQthsuYzE1XcGZznTKn73G0s14eCJcjaLvp3/DKeYWoFacD9glJoqlNBxt3W2c5S40t6CCcpPf+jG01N3ULyrA==}
    dependencies:
      '@vue/reactivity': 3.4.21
      '@vue/shared': 3.4.21

  /@vue/runtime-dom@3.4.21:
    resolution: {integrity: sha512-gvf+C9cFpevsQxbkRBS1NpU8CqxKw0ebqMvLwcGQrNpx6gqRDodqKqA+A2VZZpQ9RpK2f9yfg8VbW/EpdFUOJw==}
    dependencies:
      '@vue/runtime-core': 3.4.21
      '@vue/shared': 3.4.21
      csstype: 3.1.3

  /@vue/server-renderer@3.4.21(vue@3.4.21):
    resolution: {integrity: sha512-aV1gXyKSN6Rz+6kZ6kr5+Ll14YzmIbeuWe7ryJl5muJ4uwSwY/aStXTixx76TwkZFJLm1aAlA/HSWEJ4EyiMkg==}
    peerDependencies:
      vue: 3.4.21
    dependencies:
      '@vue/compiler-ssr': 3.4.21
      '@vue/shared': 3.4.21
      vue: 3.4.21

  /@vue/shared@3.4.21:
    resolution: {integrity: sha512-PuJe7vDIi6VYSinuEbUIQgMIRZGgM8e4R+G+/dQTk0X1NEdvgvvgv7m+rfmDH1gZzyA1OjjoWskvHlfRNfQf3g==}

  /@vueuse/core@9.13.0(vue@3.4.21):
    resolution: {integrity: sha512-pujnclbeHWxxPRqXWmdkKV5OX4Wk4YeK7wusHqRwU0Q7EFusHoqNA/aPhB6KCh9hEqJkLAJo7bb0Lh9b+OIVzw==}
    dependencies:
      '@types/web-bluetooth': 0.0.16
      '@vueuse/metadata': 9.13.0
      '@vueuse/shared': 9.13.0(vue@3.4.21)
      vue-demi: 0.14.7(vue@3.4.21)
    transitivePeerDependencies:
      - '@vue/composition-api'
      - vue
    dev: false

  /@vueuse/metadata@9.13.0:
    resolution: {integrity: sha512-gdU7TKNAUVlXXLbaF+ZCfte8BjRJQWPCa2J55+7/h+yDtzw3vOoGQDRXzI6pyKyo6bXFT5/QoPE4hAknExjRLQ==}
    dev: false

  /@vueuse/shared@9.13.0(vue@3.4.21):
    resolution: {integrity: sha512-UrnhU+Cnufu4S6JLCPZnkWh0WwZGUp72ktOF2DFptMlOs3TOdVv8xJN53zhHGARmVOsz5KqOls09+J1NR6sBKw==}
    dependencies:
      vue-demi: 0.14.7(vue@3.4.21)
    transitivePeerDependencies:
      - '@vue/composition-api'
      - vue
    dev: false

  /acorn@8.11.3:
    resolution: {integrity: sha512-Y9rRfJG5jcKOE0CLisYbojUjIrIEE7AGMzA/Sm4BslANhbS+cDMpgBdcPT91oJ7OuJ9hYJBx59RjbhxVnrF8Xg==}
    engines: {node: '>=0.4.0'}
    hasBin: true
    dev: true

  /anymatch@3.1.3:
    resolution: {integrity: sha512-KMReFUr0B4t+D+OBkjR3KYqvocp2XaSzO55UcB6mgQMd3KbcE+mWTyvVV7D/zsdEbNnV6acZUutkiHQXvTr1Rw==}
    engines: {node: '>= 8'}
    dependencies:
      normalize-path: 3.0.0
      picomatch: 2.3.1
    dev: true

  /async-validator@4.2.5:
    resolution: {integrity: sha512-7HhHjtERjqlNbZtqNqy2rckN/SpOOlmDliet+lP7k+eKZEjPk3DgyeU9lIXLdeLz0uBbbVp+9Qdow9wJWgwwfg==}
    dev: false

  /balanced-match@1.0.2:
    resolution: {integrity: sha512-3oSeUO0TMV67hN1AmbXsK4yaqU7tjiHlbxRDZOpH0KW9+CeX4bRAaX0Anxt0tx2MrpRpWwQaPwIlISEJhYU5Pw==}
    dev: true

  /binary-extensions@2.3.0:
    resolution: {integrity: sha512-Ceh+7ox5qe7LJuLHoY0feh3pHuUDHAcRUeyL2VYghZwfpkNIy/+8Ocg0a3UuSoYzavmylwuLWQOf3hl0jjMMIw==}
    engines: {node: '>=8'}
    dev: true

  /brace-expansion@2.0.1:
    resolution: {integrity: sha512-XnAIvQ8eM+kC6aULx6wuQiwVsnzsi9d3WxzV3FpWTGA19F621kwdbsAcFKXgKUHZWsy+mY6iL1sHTxWEFCytDA==}
    dependencies:
      balanced-match: 1.0.2
    dev: true

  /braces@3.0.2:
    resolution: {integrity: sha512-b8um+L1RzM3WDSzvhm6gIz1yfTbBt6YTlcEKAvsmqCZZFw46z626lVj9j1yEPW33H5H+lBQpZMP1k8l+78Ha0A==}
    engines: {node: '>=8'}
    dependencies:
      fill-range: 7.0.1
    dev: true

  /chokidar@3.6.0:
    resolution: {integrity: sha512-7VT13fmjotKpGipCW9JEQAusEPE+Ei8nl6/g4FBAmIm0GOOLMua9NDDo/DWp0ZAxCr3cPq5ZpBqmPAQgDda2Pw==}
    engines: {node: '>= 8.10.0'}
    dependencies:
      anymatch: 3.1.3
      braces: 3.0.2
      glob-parent: 5.1.2
      is-binary-path: 2.1.0
      is-glob: 4.0.3
      normalize-path: 3.0.0
      readdirp: 3.6.0
    optionalDependencies:
      fsevents: 2.3.3
    dev: true

  /copy-anything@2.0.6:
    resolution: {integrity: sha512-1j20GZTsvKNkc4BY3NpMOM8tt///wY3FpIzozTOFO2ffuZcV61nojHXVKIy3WM+7ADCy5FVhdZYHYDdgTU0yJw==}
    dependencies:
      is-what: 3.14.1

  /core-util-is@1.0.3:
    resolution: {integrity: sha512-ZQBvi1DcpJ4GDqanjucZ2Hj3wEO5pZDS89BWbkcrvdxksJorwUDDZamX9ldFkp9aw2lmBDLgkObEA4DWNJ9FYQ==}
    dev: false

  /csstype@3.1.3:
    resolution: {integrity: sha512-M1uQkMl8rQK/szD0LNhtqxIPLpimGm8sOBwU7lLnCpSbTyY3yeU1Vc7l4KT5zT4s/yOxHH5O7tIuuLOCnLADRw==}

  /dayjs@1.11.10:
    resolution: {integrity: sha512-vjAczensTgRcqDERK0SR2XMwsF/tSvnvlv6VcF2GIhg6Sx4yOIt/irsr1RDJsKiIyBzJDpCoXiWWq28MqH2cnQ==}
    dev: false

  /debug@4.3.4:
    resolution: {integrity: sha512-PRWFHuSU3eDtQJPvnNY7Jcket1j0t5OuOsFzPPzsekD52Zl8qUfFIPEiswXqIvHWGVHOgX+7G/vCNNhehwxfkQ==}
    engines: {node: '>=6.0'}
    peerDependencies:
      supports-color: '*'
    peerDependenciesMeta:
      supports-color:
        optional: true
    dependencies:
      ms: 2.1.2
    dev: true

  /element-plus@2.6.3(vue@3.4.21):
    resolution: {integrity: sha512-U4L/mr+1r+EmAUYUHrs0V/8hHMdBGP07rPymSC72LZCN4jK1UwygQYICegTQ5us4mxeqBvW6wfoEfo003fwCqw==}
    peerDependencies:
      vue: ^3.2.0
    dependencies:
      '@ctrl/tinycolor': 3.6.1
      '@element-plus/icons-vue': 2.3.1(vue@3.4.21)
      '@floating-ui/dom': 1.6.3
      '@popperjs/core': /@sxzz/popperjs-es@2.11.7
      '@types/lodash': 4.17.0
      '@types/lodash-es': 4.17.12
      '@vueuse/core': 9.13.0(vue@3.4.21)
      async-validator: 4.2.5
      dayjs: 1.11.10
      escape-html: 1.0.3
      lodash: 4.17.21
      lodash-es: 4.17.21
      lodash-unified: 1.0.3(@types/lodash-es@4.17.12)(lodash-es@4.17.21)(lodash@4.17.21)
      memoize-one: 6.0.0
      normalize-wheel-es: 1.2.0
      vue: 3.4.21
    transitivePeerDependencies:
      - '@vue/composition-api'
    dev: false

  /entities@4.5.0:
    resolution: {integrity: sha512-V0hjH4dGPh9Ao5p0MoRY6BVqtwCjhz6vI5LT8AJ55H+4g9/4vbHx1I54fS0XuclLhDHArPQCiMjDxjaL8fPxhw==}
    engines: {node: '>=0.12'}

  /errno@0.1.8:
    resolution: {integrity: sha512-dJ6oBr5SQ1VSd9qkk7ByRgb/1SH4JZjCHSW/mr63/QcXO9zLVxvJ6Oy13nio03rxpSnVDDjFor75SjVeZWPW/A==}
    hasBin: true
    requiresBuild: true
    dependencies:
      prr: 1.0.1
    optional: true

  /esbuild@0.20.2:
    resolution: {integrity: sha512-WdOOppmUNU+IbZ0PaDiTst80zjnrOkyJNHoKupIcVyU8Lvla3Ugx94VzkQ32Ijqd7UhHJy75gNWDMUekcrSJ6g==}
    engines: {node: '>=12'}
    hasBin: true
    requiresBuild: true
    optionalDependencies:
      '@esbuild/aix-ppc64': 0.20.2
      '@esbuild/android-arm': 0.20.2
      '@esbuild/android-arm64': 0.20.2
      '@esbuild/android-x64': 0.20.2
      '@esbuild/darwin-arm64': 0.20.2
      '@esbuild/darwin-x64': 0.20.2
      '@esbuild/freebsd-arm64': 0.20.2
      '@esbuild/freebsd-x64': 0.20.2
      '@esbuild/linux-arm': 0.20.2
      '@esbuild/linux-arm64': 0.20.2
      '@esbuild/linux-ia32': 0.20.2
      '@esbuild/linux-loong64': 0.20.2
      '@esbuild/linux-mips64el': 0.20.2
      '@esbuild/linux-ppc64': 0.20.2
      '@esbuild/linux-riscv64': 0.20.2
      '@esbuild/linux-s390x': 0.20.2
      '@esbuild/linux-x64': 0.20.2
      '@esbuild/netbsd-x64': 0.20.2
      '@esbuild/openbsd-x64': 0.20.2
      '@esbuild/sunos-x64': 0.20.2
      '@esbuild/win32-arm64': 0.20.2
      '@esbuild/win32-ia32': 0.20.2
      '@esbuild/win32-x64': 0.20.2
    dev: true

  /escape-html@1.0.3:
    resolution: {integrity: sha512-NiSupZ4OeuGwr68lGIeym/ksIZMJodUGOSCZ/FSnTxcrekbvqrgdUxlJOMpijaKZVjAJrWrGs/6Jy8OMuyj9ow==}
    dev: false

  /escape-string-regexp@5.0.0:
    resolution: {integrity: sha512-/veY75JbMK4j1yjvuUxuVsiS/hr/4iHs9FTT6cgTexxdE0Ly/glccBAkloH/DofkjRbZU3bnoj38mOmhkZ0lHw==}
    engines: {node: '>=12'}
    dev: true

  /estree-walker@2.0.2:
    resolution: {integrity: sha512-Rfkk/Mp/DL7JVje3u18FxFujQlTNR2q6QfMSMB7AvCBx91NGj/ba3kCfza0f6dVDbw7YlRf/nDrn7pQrCCyQ/w==}

  /estree-walker@3.0.3:
    resolution: {integrity: sha512-7RUKfXgSMMkzt6ZuXmqapOurLGPPfgj6l9uRZ7lRGolvk0y2yocc35LdcxKC5PQZdn2DMqioAQ2NoWcrTKmm6g==}
    dependencies:
      '@types/estree': 1.0.5
    dev: true

  /fast-glob@3.3.2:
    resolution: {integrity: sha512-oX2ruAFQwf/Orj8m737Y5adxDQO0LAB7/S5MnxCdTNDd4p6BsyIVsv9JQsATbTSq8KHRpLwIHbVlUNatxd+1Ow==}
    engines: {node: '>=8.6.0'}
    dependencies:
      '@nodelib/fs.stat': 2.0.5
      '@nodelib/fs.walk': 1.2.8
      glob-parent: 5.1.2
      merge2: 1.4.1
      micromatch: 4.0.5
    dev: true

  /fastq@1.17.1:
    resolution: {integrity: sha512-sRVD3lWVIXWg6By68ZN7vho9a1pQcN/WBFaAAsDDFzlJjvoGx0P8z7V1t72grFJfJhu3YPZBuu25f7Kaw2jN1w==}
    dependencies:
      reusify: 1.0.4
    dev: true

  /file-saver@2.0.5:
    resolution: {integrity: sha512-P9bmyZ3h/PRG+Nzga+rbdI4OEpNDzAVyy74uVO9ATgzLK6VtAsYybF/+TOCvrc0MO793d6+42lLyZTw7/ArVzA==}
    dev: false

  /fill-range@7.0.1:
    resolution: {integrity: sha512-qOo9F+dMUmC2Lcb4BbVvnKJxTPjCm+RRpe4gDuGrzkL7mEVl/djYSu2OdQ2Pa302N4oqkSg9ir6jaLWJ2USVpQ==}
    engines: {node: '>=8'}
    dependencies:
      to-regex-range: 5.0.1
    dev: true

  /fsevents@2.3.3:
    resolution: {integrity: sha512-5xoDfX+fL7faATnagmWPpbFtwh/R77WmMMqqHGS65C3vvB0YHrgF+B1YmZ3441tMj5n63k0212XNoJwzlhffQw==}
    engines: {node: ^8.16.0 || ^10.6.0 || >=11.0.0}
    os: [darwin]
    requiresBuild: true
    dev: true
    optional: true

  /function-bind@1.1.2:
    resolution: {integrity: sha512-7XHNxH7qX9xG5mIwxkhumTox/MIRNcOgDrxWsMt2pAr23WHp6MrRlN7FBSFpCpr+oVO0F744iUgR82nJMfG2SA==}
    dev: true

  /glob-parent@5.1.2:
    resolution: {integrity: sha512-AOIgSQCepiJYwP3ARnGx+5VnTu2HBYdzbGP45eLw1vr3zB3vZLeyed1sC9hnbcOc9/SrMyM5RPQrkGz4aS9Zow==}
    engines: {node: '>= 6'}
    dependencies:
      is-glob: 4.0.3
    dev: true

  /graceful-fs@4.2.11:
    resolution: {integrity: sha512-RbJ5/jmFcNNCcDV5o9eTnBLJ/HszWV0P73bc+Ff4nS/rJj+YaS6IGyiOL0VoBYX+l1Wrl3k63h/KrH+nhJ0XvQ==}
    requiresBuild: true
    optional: true

  /hasown@2.0.2:
    resolution: {integrity: sha512-0hJU9SCPvmMzIBdZFqNPXWa6dqh7WdH0cII9y+CyS8rG3nL48Bclra9HmKhVVUHyPWNH5Y7xDwAB7bfgSjkUMQ==}
    engines: {node: '>= 0.4'}
    dependencies:
      function-bind: 1.1.2
    dev: true

  /iconv-lite@0.6.3:
    resolution: {integrity: sha512-4fCk79wshMdzMp2rH06qWrJE4iolqLhCUH+OiuIgU++RB0+94NlDL81atO7GX55uUKueo0txHNtvEyI6D7WdMw==}
    engines: {node: '>=0.10.0'}
    requiresBuild: true
    dependencies:
      safer-buffer: 2.1.2
    optional: true

  /image-size@0.5.5:
    resolution: {integrity: sha512-6TDAlDPZxUFCv+fuOkIoXT/V/f3Qbq8e37p+YOiYrUv3v9cc3/6x78VdfPgFVaB9dZYeLUfKgHRebpkm/oP2VQ==}
    engines: {node: '>=0.10.0'}
    hasBin: true
    requiresBuild: true
    optional: true

  /immediate@3.0.6:
    resolution: {integrity: sha512-XXOFtyqDjNDAQxVfYxuF7g9Il/IbWmmlQg2MYKOH8ExIT1qg6xc4zyS3HaEEATgs1btfzxq15ciUiY7gjSXRGQ==}
    dev: false

  /inherits@2.0.4:
    resolution: {integrity: sha512-k/vGaX4/Yla3WzyMCvTQOXYeIHvqOKtnqBduzTHpzpQZzAskKMhZ2K+EnBiSM9zGSoIFeMpXKxa4dYeZIQqewQ==}
    dev: false

  /is-binary-path@2.1.0:
    resolution: {integrity: sha512-ZMERYes6pDydyuGidse7OsHxtbI7WVeUEozgR/g7rd0xUimYNlvZRE/K2MgZTjWy725IfelLeVcEM97mmtRGXw==}
    engines: {node: '>=8'}
    dependencies:
      binary-extensions: 2.3.0
    dev: true

  /is-core-module@2.13.1:
    resolution: {integrity: sha512-hHrIjvZsftOsvKSn2TRYl63zvxsgE0K+0mYMoH6gD4omR5IWB2KynivBQczo3+wF1cCkjzvptnI9Q0sPU66ilw==}
    dependencies:
      hasown: 2.0.2
    dev: true

  /is-extglob@2.1.1:
    resolution: {integrity: sha512-SbKbANkN603Vi4jEZv49LeVJMn4yGwsbzZworEoyEiutsN3nJYdbO36zfhGJ6QEDpOZIFkDtnq5JRxmvl3jsoQ==}
    engines: {node: '>=0.10.0'}
    dev: true

  /is-glob@4.0.3:
    resolution: {integrity: sha512-xelSayHH36ZgE7ZWhli7pW34hNbNl8Ojv5KVmkJD4hBdD3th8Tfk9vYasLM+mXWOZhFkgZfxhLSnrwRr4elSSg==}
    engines: {node: '>=0.10.0'}
    dependencies:
      is-extglob: 2.1.1
    dev: true

  /is-number@7.0.0:
    resolution: {integrity: sha512-41Cifkg6e8TylSpdtTpeLVMqvSBEVzTttHvERD741+pnZ8ANv0004MRL43QKPDlK9cGvNp6NZWZUBlbGXYxxng==}
    engines: {node: '>=0.12.0'}
    dev: true

  /is-what@3.14.1:
    resolution: {integrity: sha512-sNxgpk9793nzSs7bA6JQJGeIuRBQhAaNGG77kzYQgMkrID+lS6SlK07K5LaptscDlSaIgH+GPFzf+d75FVxozA==}

  /isarray@1.0.0:
    resolution: {integrity: sha512-VLghIWNM6ELQzo7zwmcg0NmTVyWKYjvIeM83yjp0wRDTmUnrM678fQbcKBo6n2CJEF0szoG//ytg+TKla89ALQ==}
    dev: false

  /jsonc-parser@3.2.1:
    resolution: {integrity: sha512-AilxAyFOAcK5wA1+LeaySVBrHsGQvUFCDWXKpZjzaL0PqW+xfBOttn8GNtWKFWqneyMZj41MWF9Kl6iPWLwgOA==}
    dev: true

  /jszip@3.10.1:
    resolution: {integrity: sha512-xXDvecyTpGLrqFrvkrUSoxxfJI5AH7U8zxxtVclpsUtMCq4JQ290LY8AW5c7Ggnr/Y/oK+bQMbqK2qmtk3pN4g==}
    dependencies:
      lie: 3.3.0
      pako: 1.0.11
      readable-stream: 2.3.8
      setimmediate: 1.0.5
    dev: false

  /less@4.2.0:
    resolution: {integrity: sha512-P3b3HJDBtSzsXUl0im2L7gTO5Ubg8mEN6G8qoTS77iXxXX4Hvu4Qj540PZDvQ8V6DmX6iXo98k7Md0Cm1PrLaA==}
    engines: {node: '>=6'}
    hasBin: true
    dependencies:
      copy-anything: 2.0.6
      parse-node-version: 1.0.1
      tslib: 2.6.2
    optionalDependencies:
      errno: 0.1.8
      graceful-fs: 4.2.11
      image-size: 0.5.5
      make-dir: 2.1.0
      mime: 1.6.0
      needle: 3.3.1
      source-map: 0.6.1

  /lie@3.3.0:
    resolution: {integrity: sha512-UaiMJzeWRlEujzAuw5LokY1L5ecNQYZKfmyZ9L7wDHb/p5etKaxXhohBcrw0EYby+G/NA52vRSN4N39dxHAIwQ==}
    dependencies:
      immediate: 3.0.6
    dev: false

  /local-pkg@0.4.3:
    resolution: {integrity: sha512-SFppqq5p42fe2qcZQqqEOiVRXl+WCP1MdT6k7BDEW1j++sp5fIY+/fdRQitvKgB5BrBcmrs5m/L0v2FrU5MY1g==}
    engines: {node: '>=14'}
    dev: true

  /local-pkg@0.5.0:
    resolution: {integrity: sha512-ok6z3qlYyCDS4ZEU27HaU6x/xZa9Whf8jD4ptH5UZTQYZVYeb9bnZ3ojVhiJNLiXK1Hfc0GNbLXcmZ5plLDDBg==}
    engines: {node: '>=14'}
    dependencies:
      mlly: 1.6.1
      pkg-types: 1.0.3
    dev: true

  /lodash-es@4.17.21:
    resolution: {integrity: sha512-mKnC+QJ9pWVzv+C4/U3rRsHapFfHvQFoFB92e52xeyGMcX6/OlIl78je1u8vePzYZSkkogMPJ2yjxxsb89cxyw==}
    dev: false

  /lodash-unified@1.0.3(@types/lodash-es@4.17.12)(lodash-es@4.17.21)(lodash@4.17.21):
    resolution: {integrity: sha512-WK9qSozxXOD7ZJQlpSqOT+om2ZfcT4yO+03FuzAHD0wF6S0l0090LRPDx3vhTTLZ8cFKpBn+IOcVXK6qOcIlfQ==}
    peerDependencies:
      '@types/lodash-es': '*'
      lodash: '*'
      lodash-es: '*'
    dependencies:
      '@types/lodash-es': 4.17.12
      lodash: 4.17.21
      lodash-es: 4.17.21
    dev: false

  /lodash@4.17.21:
    resolution: {integrity: sha512-v2kDEe57lecTulaDIuNTPy3Ry4gLGJ6Z1O3vE1krgXZNrsQ+LFTGHVxVjcXPs17LhbZVGedAJv8XZ1tvj5FvSg==}
    dev: false

  /magic-string@0.30.8:
    resolution: {integrity: sha512-ISQTe55T2ao7XtlAStud6qwYPZjE4GK1S/BeVPus4jrq6JuOnQ00YKQC581RWhR122W7msZV263KzVeLoqidyQ==}
    engines: {node: '>=12'}
    dependencies:
      '@jridgewell/sourcemap-codec': 1.4.15

  /make-dir@2.1.0:
    resolution: {integrity: sha512-LS9X+dc8KLxXCb8dni79fLIIUA5VyZoyjSMCwTluaXA0o27cCK0bhXkpgw+sTXVpPy/lSO57ilRixqk0vDmtRA==}
    engines: {node: '>=6'}
    requiresBuild: true
    dependencies:
      pify: 4.0.1
      semver: 5.7.2
    optional: true

  /memoize-one@6.0.0:
    resolution: {integrity: sha512-rkpe71W0N0c0Xz6QD0eJETuWAJGnJ9afsl1srmwPrI+yBCkge5EycXXbYRyvL29zZVUWQCY7InPRCv3GDXuZNw==}
    dev: false

  /merge2@1.4.1:
    resolution: {integrity: sha512-8q7VEgMJW4J8tcfVPy8g09NcQwZdbwFEqhe/WZkoIzjn/3TGDwtOCYtXGxA3O8tPzpczCCDgv+P2P5y00ZJOOg==}
    engines: {node: '>= 8'}
    dev: true

  /micromatch@4.0.5:
    resolution: {integrity: sha512-DMy+ERcEW2q8Z2Po+WNXuw3c5YaUSFjAO5GsJqfEl7UjvtIuFKO6ZrKvcItdy98dwFI2N1tg3zNIdKaQT+aNdA==}
    engines: {node: '>=8.6'}
    dependencies:
      braces: 3.0.2
      picomatch: 2.3.1
    dev: true

  /mime@1.6.0:
    resolution: {integrity: sha512-x0Vn8spI+wuJ1O6S7gnbaQg8Pxh4NNHb7KSINmEWKiPE4RKOplvijn+NkmYmmRgP68mc70j2EbeTFRsrswaQeg==}
    engines: {node: '>=4'}
    hasBin: true
    requiresBuild: true
    optional: true

  /minimatch@9.0.4:
    resolution: {integrity: sha512-KqWh+VchfxcMNRAJjj2tnsSJdNbHsVgnkBhTNrW7AjVo6OvLtxw8zfT9oLw1JSohlFzJ8jCoTgaoXvJ+kHt6fw==}
    engines: {node: '>=16 || 14 >=14.17'}
    dependencies:
      brace-expansion: 2.0.1
    dev: true

  /mlly@1.6.1:
    resolution: {integrity: sha512-vLgaHvaeunuOXHSmEbZ9izxPx3USsk8KCQ8iC+aTlp5sKRSoZvwhHh5L9VbKSaVC6sJDqbyohIS76E2VmHIPAA==}
    dependencies:
      acorn: 8.11.3
      pathe: 1.1.2
      pkg-types: 1.0.3
      ufo: 1.5.3
    dev: true

  /ms@2.1.2:
    resolution: {integrity: sha512-sGkPx+VjMtmA6MX27oA4FBFELFCZZ4S4XqeGOXCv68tT+jb3vk/RyaKWP0PTKyWtmLSM0b+adUTEvbs1PEaH2w==}
    dev: true

  /nanoid@3.3.7:
    resolution: {integrity: sha512-eSRppjcPIatRIMC1U6UngP8XFcz8MQWGQdt1MTBQ7NaAmvXDfvNxbvWV3x2y6CdEUciCSsDHDQZbhYaB8QEo2g==}
    engines: {node: ^10 || ^12 || ^13.7 || ^14 || >=15.0.1}
    hasBin: true

  /needle@3.3.1:
    resolution: {integrity: sha512-6k0YULvhpw+RoLNiQCRKOl09Rv1dPLr8hHnVjHqdolKwDrdNyk+Hmrthi4lIGPPz3r39dLx0hsF5s40sZ3Us4Q==}
    engines: {node: '>= 4.4.x'}
    hasBin: true
    requiresBuild: true
    dependencies:
      iconv-lite: 0.6.3
      sax: 1.3.0
    optional: true

  /normalize-path@3.0.0:
    resolution: {integrity: sha512-6eZs5Ls3WtCisHWp9S2GUy8dqkpGi4BVSz3GaqiE6ezub0512ESztXUwUB6C6IKbQkY2Pnb/mD4WYojCRwcwLA==}
    engines: {node: '>=0.10.0'}
    dev: true

  /normalize-wheel-es@1.2.0:
    resolution: {integrity: sha512-Wj7+EJQ8mSuXr2iWfnujrimU35R2W4FAErEyTmJoJ7ucwTn2hOUSsRehMb5RSYkxXGTM7Y9QpvPmp++w5ftoJw==}
    dev: false

  /pako@1.0.11:
    resolution: {integrity: sha512-4hLB8Py4zZce5s4yd9XzopqwVv/yGNhV1Bl8NTmCq1763HeK2+EwVTv+leGeL13Dnh2wfbqowVPXCIO0z4taYw==}
    dev: false

  /parse-node-version@1.0.1:
    resolution: {integrity: sha512-3YHlOa/JgH6Mnpr05jP9eDG254US9ek25LyIxZlDItp2iJtwyaXQb57lBYLdT3MowkUFYEV2XXNAYIPlESvJlA==}
    engines: {node: '>= 0.10'}

  /path-parse@1.0.7:
    resolution: {integrity: sha512-LDJzPVEEEPR+y48z93A0Ed0yXb8pAByGWo/k5YYdYgpY2/2EsOsksJrq7lOHxryrVOn1ejG6oAp8ahvOIQD8sw==}
    dev: true

  /pathe@1.1.2:
    resolution: {integrity: sha512-whLdWMYL2TwI08hn8/ZqAbrVemu0LNaNNJZX73O6qaIdCTfXutsLhMkjdENX0qhsQ9uIimo4/aQOmXkoon2nDQ==}
    dev: true

  /picocolors@1.0.0:
    resolution: {integrity: sha512-1fygroTLlHu66zi26VoTDv8yRgm0Fccecssto+MhsZ0D/DGW2sm8E8AjW7NU5VVTRt5GxbeZ5qBuJr+HyLYkjQ==}

  /picomatch@2.3.1:
    resolution: {integrity: sha512-JU3teHTNjmE2VCGFzuY8EXzCDVwEqB2a8fsIvwaStHhAWJEeVd1o1QD80CU6+ZdEXXSLbSsuLwJjkCBWqRQUVA==}
    engines: {node: '>=8.6'}
    dev: true

  /pify@4.0.1:
    resolution: {integrity: sha512-uB80kBFb/tfd68bVleG9T5GGsGPjJrLAUpR5PZIrhBnIaRTQRjqdJSsIKkOP6OAIFbj7GOrcudc5pNjZ+geV2g==}
    engines: {node: '>=6'}
    requiresBuild: true
    optional: true

  /pkg-types@1.0.3:
    resolution: {integrity: sha512-nN7pYi0AQqJnoLPC9eHFQ8AcyaixBUOwvqc5TDnIKCMEE6I0y8P7OKA7fPexsXGCGxQDl/cmrLAp26LhcwxZ4A==}
    dependencies:
      jsonc-parser: 3.2.1
      mlly: 1.6.1
      pathe: 1.1.2
    dev: true

  /postcss@8.4.38:
    resolution: {integrity: sha512-Wglpdk03BSfXkHoQa3b/oulrotAkwrlLDRSOb9D0bN86FdRyE9lppSp33aHNPgBa0JKCoB+drFLZkQoRRYae5A==}
    engines: {node: ^10 || ^12 || >=14}
    dependencies:
      nanoid: 3.3.7
      picocolors: 1.0.0
      source-map-js: 1.2.0

  /process-nextick-args@2.0.1:
    resolution: {integrity: sha512-3ouUOpQhtgrbOa17J7+uxOTpITYWaGP7/AhoR3+A+/1e9skrzelGi/dXzEYyvbxubEF6Wn2ypscTKiKJFFn1ag==}
    dev: false

  /prr@1.0.1:
    resolution: {integrity: sha512-yPw4Sng1gWghHQWj0B3ZggWUm4qVbPwPFcRG8KyxiU7J2OHFSoEHKS+EZ3fv5l1t9CyCiop6l/ZYeWbrgoQejw==}
    requiresBuild: true
    optional: true

  /queue-microtask@1.2.3:
    resolution: {integrity: sha512-NuaNSa6flKT5JaSYQzJok04JzTL1CA6aGhv5rfLW3PgqA+M2ChpZQnAC8h8i4ZFkBS8X5RqkDBHA7r4hej3K9A==}
    dev: true

  /readable-stream@2.3.8:
    resolution: {integrity: sha512-8p0AUk4XODgIewSi0l8Epjs+EVnWiK7NoDIEGU0HhE7+ZyY8D1IMY7odu5lRrFXGg71L15KG8QrPmum45RTtdA==}
    dependencies:
      core-util-is: 1.0.3
      inherits: 2.0.4
      isarray: 1.0.0
      process-nextick-args: 2.0.1
      safe-buffer: 5.1.2
      string_decoder: 1.1.1
      util-deprecate: 1.0.2
    dev: false

  /readdirp@3.6.0:
    resolution: {integrity: sha512-hOS089on8RduqdbhvQ5Z37A0ESjsqz6qnRcffsMU3495FuTdqSm+7bhJ29JvIOsBDEEnan5DPu9t3To9VRlMzA==}
    engines: {node: '>=8.10.0'}
    dependencies:
      picomatch: 2.3.1
    dev: true

  /resolve@1.22.8:
    resolution: {integrity: sha512-oKWePCxqpd6FlLvGV1VU0x7bkPmmCNolxzjMf4NczoDnQcIWrAF+cPtZn5i6n+RfD2d9i0tzpKnG6Yk168yIyw==}
    hasBin: true
    dependencies:
      is-core-module: 2.13.1
      path-parse: 1.0.7
      supports-preserve-symlinks-flag: 1.0.0
    dev: true

  /reusify@1.0.4:
    resolution: {integrity: sha512-U9nH88a3fc/ekCF1l0/UP1IosiuIjyTh7hBvXVMHYgVcfGvt897Xguj2UOLDeI5BG2m7/uwyaLVT6fbtCwTyzw==}
    engines: {iojs: '>=1.0.0', node: '>=0.10.0'}
    dev: true

  /rollup@4.13.2:
    resolution: {integrity: sha512-MIlLgsdMprDBXC+4hsPgzWUasLO9CE4zOkj/u6j+Z6j5A4zRY+CtiXAdJyPtgCsc42g658Aeh1DlrdVEJhsL2g==}
    engines: {node: '>=18.0.0', npm: '>=8.0.0'}
    hasBin: true
    dependencies:
      '@types/estree': 1.0.5
    optionalDependencies:
      '@rollup/rollup-android-arm-eabi': 4.13.2
      '@rollup/rollup-android-arm64': 4.13.2
      '@rollup/rollup-darwin-arm64': 4.13.2
      '@rollup/rollup-darwin-x64': 4.13.2
      '@rollup/rollup-linux-arm-gnueabihf': 4.13.2
      '@rollup/rollup-linux-arm64-gnu': 4.13.2
      '@rollup/rollup-linux-arm64-musl': 4.13.2
      '@rollup/rollup-linux-powerpc64le-gnu': 4.13.2
      '@rollup/rollup-linux-riscv64-gnu': 4.13.2
      '@rollup/rollup-linux-s390x-gnu': 4.13.2
      '@rollup/rollup-linux-x64-gnu': 4.13.2
      '@rollup/rollup-linux-x64-musl': 4.13.2
      '@rollup/rollup-win32-arm64-msvc': 4.13.2
      '@rollup/rollup-win32-ia32-msvc': 4.13.2
      '@rollup/rollup-win32-x64-msvc': 4.13.2
      fsevents: 2.3.3
    dev: true

  /run-parallel@1.2.0:
    resolution: {integrity: sha512-5l4VyZR86LZ/lDxZTR6jqL8AFE2S0IFLMP26AbjsLVADxHdhB/c0GUsH+y39UfCi3dzz8OlQuPmnaJOMoDHQBA==}
    dependencies:
      queue-microtask: 1.2.3
    dev: true

  /safe-buffer@5.1.2:
    resolution: {integrity: sha512-Gd2UZBJDkXlY7GbJxfsE8/nvKkUEU1G38c1siN6QP6a9PT9MmHB8GnpscSmMJSoF8LOIrt8ud/wPtojys4G6+g==}
    dev: false

  /safer-buffer@2.1.2:
    resolution: {integrity: sha512-YZo3K82SD7Riyi0E1EQPojLz7kpepnSQI9IyPbHHg1XXXevb5dJI7tpyN2ADxGcQbHG7vcyRHk0cbwqcQriUtg==}
    requiresBuild: true
    optional: true

  /sax@1.3.0:
    resolution: {integrity: sha512-0s+oAmw9zLl1V1cS9BtZN7JAd0cW5e0QH4W3LWEK6a4LaLEA2OTpGYWDY+6XasBLtz6wkm3u1xRw95mRuJ59WA==}
    requiresBuild: true
    optional: true

  /scule@1.3.0:
    resolution: {integrity: sha512-6FtHJEvt+pVMIB9IBY+IcCJ6Z5f1iQnytgyfKMhDKgmzYG+TeH/wx1y3l27rshSbLiSanrR9ffZDrEsmjlQF2g==}
    dev: true

  /semver@5.7.2:
    resolution: {integrity: sha512-cBznnQ9KjJqU67B52RMC65CMarK2600WFnbkcaiwWq3xy/5haFJlshgnpjovMVJ+Hff49d8GEn0b87C5pDQ10g==}
    hasBin: true
    requiresBuild: true
    optional: true

  /setimmediate@1.0.5:
    resolution: {integrity: sha512-MATJdZp8sLqDl/68LfQmbP8zKPLQNV6BIZoIgrscFDQ+RsvK/BxeDQOgyxKKoh0y/8h3BqVFnCqQ/gd+reiIXA==}
    dev: false

  /source-map-js@1.2.0:
    resolution: {integrity: sha512-itJW8lvSA0TXEphiRoawsCksnlf8SyvmFzIhltqAHluXd88pkCd+cXJVHTDwdCr0IzwptSm035IHQktUu1QUMg==}
    engines: {node: '>=0.10.0'}

  /source-map@0.6.1:
    resolution: {integrity: sha512-UjgapumWlbMhkBgzT7Ykc5YXUT46F0iKu8SGXq0bcwP5dz/h0Plj6enJqjz1Zbq2l5WaqYnrVbwWOWMyF3F47g==}
    engines: {node: '>=0.10.0'}
    requiresBuild: true
    optional: true

  /string_decoder@1.1.1:
    resolution: {integrity: sha512-n/ShnvDi6FHbbVfviro+WojiFzv+s8MPMHBczVePfUpDJLwoLT0ht1l4YwBCbi8pJAveEEdnkHyPyTP/mzRfwg==}
    dependencies:
      safe-buffer: 5.1.2
    dev: false

  /strip-literal@1.3.0:
    resolution: {integrity: sha512-PugKzOsyXpArk0yWmUwqOZecSO0GH0bPoctLcqNDH9J04pVW3lflYE0ujElBGTloevcxF5MofAOZ7C5l2b+wLg==}
    dependencies:
      acorn: 8.11.3
    dev: true

  /supports-preserve-symlinks-flag@1.0.0:
    resolution: {integrity: sha512-ot0WnXS9fgdkgIcePe6RHNk1WA8+muPa6cSjeR3V8K27q9BB1rTE3R1p7Hv0z1ZyAc8s6Vvv8DIyWf681MAt0w==}
    engines: {node: '>= 0.4'}
    dev: true

  /to-fast-properties@2.0.0:
    resolution: {integrity: sha512-/OaKK0xYrs3DmxRYqL/yDc+FxFUVYhDlXMhRmv3z915w2HF1tnN1omB354j8VUGO/hbRzyD6Y3sA7v7GS/ceog==}
    engines: {node: '>=4'}

  /to-regex-range@5.0.1:
    resolution: {integrity: sha512-65P7iz6X5yEr1cwcgvQxbbIw7Uk3gOy5dIdtZ4rDveLqhrdJP+Li/Hx6tyK0NEb+2GCyneCMJiGqrADCSNk8sQ==}
    engines: {node: '>=8.0'}
    dependencies:
      is-number: 7.0.0
    dev: true

  /tslib@2.6.2:
    resolution: {integrity: sha512-AEYxH93jGFPn/a2iVAwW87VuUIkR1FVUKB77NwMF7nBTDkDrrT/Hpt/IrCJ0QXhW27jTBDcf5ZY7w6RiqTMw2Q==}

  /ufo@1.5.3:
    resolution: {integrity: sha512-Y7HYmWaFwPUmkoQCUIAYpKqkOf+SbVj/2fJJZ4RJMCfZp0rTGwRbzQD+HghfnhKOjL9E01okqz+ncJskGYfBNw==}
    dev: true

  /unimport@3.7.1:
    resolution: {integrity: sha512-V9HpXYfsZye5bPPYUgs0Otn3ODS1mDUciaBlXljI4C2fTwfFpvFZRywmlOu943puN9sncxROMZhsZCjNXEpzEQ==}
    dependencies:
      '@rollup/pluginutils': 5.1.0
      acorn: 8.11.3
      escape-string-regexp: 5.0.0
      estree-walker: 3.0.3
      fast-glob: 3.3.2
      local-pkg: 0.5.0
      magic-string: 0.30.8
      mlly: 1.6.1
      pathe: 1.1.2
      pkg-types: 1.0.3
      scule: 1.3.0
      strip-literal: 1.3.0
      unplugin: 1.10.1
    transitivePeerDependencies:
      - rollup
    dev: true

  /unplugin-auto-import@0.17.5:
    resolution: {integrity: sha512-fHNDkDSxv3PGagX1wmKBYBkgaM4AKAgZmdJw/bxjhNljx9KSXSgHpGfX0MwUrq9qw6q1bhHIZVWyOwoY2koo4w==}
    engines: {node: '>=14'}
    peerDependencies:
      '@nuxt/kit': ^3.2.2
      '@vueuse/core': '*'
    peerDependenciesMeta:
      '@nuxt/kit':
        optional: true
      '@vueuse/core':
        optional: true
    dependencies:
      '@antfu/utils': 0.7.7
      '@rollup/pluginutils': 5.1.0
      fast-glob: 3.3.2
      local-pkg: 0.5.0
      magic-string: 0.30.8
      minimatch: 9.0.4
      unimport: 3.7.1
      unplugin: 1.10.1
    transitivePeerDependencies:
      - rollup
    dev: true

  /unplugin-vue-components@0.26.0(vue@3.4.21):
    resolution: {integrity: sha512-s7IdPDlnOvPamjunVxw8kNgKNK8A5KM1YpK5j/p97jEKTjlPNrA0nZBiSfAKKlK1gWZuyWXlKL5dk3EDw874LQ==}
    engines: {node: '>=14'}
    peerDependencies:
      '@babel/parser': ^7.15.8
      '@nuxt/kit': ^3.2.2
      vue: 2 || 3
    peerDependenciesMeta:
      '@babel/parser':
        optional: true
      '@nuxt/kit':
        optional: true
    dependencies:
      '@antfu/utils': 0.7.7
      '@rollup/pluginutils': 5.1.0
      chokidar: 3.6.0
      debug: 4.3.4
      fast-glob: 3.3.2
      local-pkg: 0.4.3
      magic-string: 0.30.8
      minimatch: 9.0.4
      resolve: 1.22.8
      unplugin: 1.10.1
      vue: 3.4.21
    transitivePeerDependencies:
      - rollup
      - supports-color
    dev: true

  /unplugin@1.10.1:
    resolution: {integrity: sha512-d6Mhq8RJeGA8UfKCu54Um4lFA0eSaRa3XxdAJg8tIdxbu1ubW0hBCZUL7yI2uGyYCRndvbK8FLHzqy2XKfeMsg==}
    engines: {node: '>=14.0.0'}
    dependencies:
      acorn: 8.11.3
      chokidar: 3.6.0
      webpack-sources: 3.2.3
      webpack-virtual-modules: 0.6.1
    dev: true

  /util-deprecate@1.0.2:
    resolution: {integrity: sha512-EPD5q1uXyFxJpCrLnCc1nHnq3gOa6DZBocAIiI2TaSCA7VCJ1UJDMagCzIkXNsUYfD1daK//LTEQ8xiIbrHtcw==}
    dev: false

  /vite@5.2.7(less@4.2.0):
    resolution: {integrity: sha512-k14PWOKLI6pMaSzAuGtT+Cf0YmIx12z9YGon39onaJNy8DLBfBJrzg9FQEmkAM5lpHBZs9wksWAsyF/HkpEwJA==}
    engines: {node: ^18.0.0 || >=20.0.0}
    hasBin: true
    peerDependencies:
      '@types/node': ^18.0.0 || >=20.0.0
      less: '*'
      lightningcss: ^1.21.0
      sass: '*'
      stylus: '*'
      sugarss: '*'
      terser: ^5.4.0
    peerDependenciesMeta:
      '@types/node':
        optional: true
      less:
        optional: true
      lightningcss:
        optional: true
      sass:
        optional: true
      stylus:
        optional: true
      sugarss:
        optional: true
      terser:
        optional: true
    dependencies:
      esbuild: 0.20.2
      less: 4.2.0
      postcss: 8.4.38
      rollup: 4.13.2
    optionalDependencies:
      fsevents: 2.3.3
    dev: true

  /vue-demi@0.14.7(vue@3.4.21):
    resolution: {integrity: sha512-EOG8KXDQNwkJILkx/gPcoL/7vH+hORoBaKgGe+6W7VFMvCYJfmF2dGbvgDroVnI8LU7/kTu8mbjRZGBU1z9NTA==}
    engines: {node: '>=12'}
    hasBin: true
    requiresBuild: true
    peerDependencies:
      '@vue/composition-api': ^1.0.0-rc.1
      vue: ^3.0.0-0 || ^2.6.0
    peerDependenciesMeta:
      '@vue/composition-api':
        optional: true
    dependencies:
      vue: 3.4.21
    dev: false

  /vue@3.4.21:
    resolution: {integrity: sha512-5hjyV/jLEIKD/jYl4cavMcnzKwjMKohureP8ejn3hhEjwhWIhWeuzL2kJAjzl/WyVsgPY56Sy4Z40C3lVshxXA==}
    peerDependencies:
      typescript: '*'
    peerDependenciesMeta:
      typescript:
        optional: true
    dependencies:
      '@vue/compiler-dom': 3.4.21
      '@vue/compiler-sfc': 3.4.21
      '@vue/runtime-dom': 3.4.21
      '@vue/server-renderer': 3.4.21(vue@3.4.21)
      '@vue/shared': 3.4.21

  /webpack-sources@3.2.3:
    resolution: {integrity: sha512-/DyMEOrDgLKKIG0fmvtz+4dUX/3Ghozwgm6iPp8KRhvn+eQf9+Q7GWxVNMk3+uCPWfdXYC4ExGBckIXdFEfH1w==}
    engines: {node: '>=10.13.0'}
    dev: true

  /webpack-virtual-modules@0.6.1:
    resolution: {integrity: sha512-poXpCylU7ExuvZK8z+On3kX+S8o/2dQ/SVYueKA0D4WEMXROXgY8Ez50/bQEUmvoSMMrWcrJqCHuhAbsiwg7Dg==}
    dev: true
